Microsoft Visual Studio Solution File, Format Version 12.00
# Visual Studio Version 16
VisualStudioVersion = 16.0.30907.101
MinimumVisualStudioVersion = 10.0.40219.1
Project("{9A19103F-16F7-4668-BE54-9A1E7A4F7556}") = "Ninject.SpecFlowPlugin", "Ninject.SpecFlowPlugin\Ninject.SpecFlowPlugin.csproj", "{61195A78-D809-4F06-B58A-265F9EE272BA}"
EndProject
Project("{2150E333-8FDC-42A3-9474-1A3956D46DE8}") = "Solution Items", "Solution Items", "{D16300C5-5C07-4F3C-9295-73B97712200E}"
	ProjectSection(SolutionItems) = preProject
		AssemblyInfoGlobal.cs = AssemblyInfoGlobal.cs
	EndProjectSection
EndProject
Project("{2150E333-8FDC-42A3-9474-1A3956D46DE8}") = "TestAssemblies", "TestAssemblies", "{F18BD5C6-327D-49CE-AA76-64B913F26830}"
EndProject
Project("{9A19103F-16F7-4668-BE54-9A1E7A4F7556}") = "WrongAmountInputArgsFeatureDependencies", "TestData\WrongAmountInputArgsFeatureDependencies\WrongAmountInputArgsFeatureDependencies.csproj", "{C26519C0-4ABD-4415-95FC-928EE44037E6}"
EndProject
Project("{9A19103F-16F7-4668-BE54-9A1E7A4F7556}") = "WrongAmountInputArgsScenarioDependencies", "TestData\WrongAmountInputArgsScenarioDependencies\WrongAmountInputArgsScenarioDependencies.csproj", "{AEE7C926-3C06-45E9-B114-DE1358DC3E8C}"
EndProject
Project("{9A19103F-16F7-4668-BE54-9A1E7A4F7556}") = "WrongInputArgTypeFeatureDependencies", "TestData\WrongInputArgTypeFeatureDependencies\WrongInputArgTypeFeatureDependencies.csproj", "{61000557-30A4-4A97-91B0-6C0F3594B0ED}"
EndProject
Project("{9A19103F-16F7-4668-BE54-9A1E7A4F7556}") = "WrongInputArgTypeScenarioDependencies", "TestData\WrongInputArgTypeScenarioDependencies\WrongInputArgTypeScenarioDependencies.csproj", "{B4828ACE-E8F4-45CD-B93A-260ED6448D76}"
EndProject
Project("{9A19103F-16F7-4668-BE54-9A1E7A4F7556}") = "WrongReturnTypeFeatureDependencies", "TestData\WrongReturnTypeFeatureDependencies\WrongReturnTypeFeatureDependencies.csproj", "{EFD982F7-481F-42A0-9707-938D0C1B7796}"
EndProject
Project("{9A19103F-16F7-4668-BE54-9A1E7A4F7556}") = "WrongReturnTypeScenarioDependencies", "TestData\WrongReturnTypeScenarioDependencies\WrongReturnTypeScenarioDependencies.csproj", "{5F76F493-2CB0-4405-942E-12B718B8C6A3}"
EndProject
Project("{9A19103F-16F7-4668-BE54-9A1E7A4F7556}") = "NoDependenciesAttribute", "TestData\NoDependenciesAttribute\NoDependenciesAttribute.csproj", "{DF742990-9A68-415C-8629-5BA7F962C88C}"
EndProject
Project("{9A19103F-16F7-4668-BE54-9A1E7A4F7556}") = "WrongAmountInputArgsTestThreadDependencies", "TestData\WrongAmountInputArgsTestThreadDependencies\WrongAmountInputArgsTestThreadDependencies.csproj", "{F3D51C1B-F969-461C-8BAE-803655EA5DD2}"
EndProject
Project("{9A19103F-16F7-4668-BE54-9A1E7A4F7556}") = "WrongInputArgTypeTestThreadDependencies", "TestData\WrongInputArgTypeTestThreadDependencies\WrongInputArgTypeTestThreadDependencies.csproj", "{7C2D8F91-8D36-4E9C-AA35-7C6F2A3350B5}"
EndProject
Project("{9A19103F-16F7-4668-BE54-9A1E7A4F7556}") = "WrongReturnTypeTestThreadDependencies", "TestData\WrongReturnTypeTestThreadDependencies\WrongReturnTypeTestThreadDependencies.csproj", "{98871337-2E64-4D99-A870-540A09AA1F5D}"
EndProject
Project("{9A19103F-16F7-4668-BE54-9A1E7A4F7556}") = "SpecFlowPluginBase", "SpecFlowPluginBase\SpecFlowPluginBase.csproj", "{62BE79BE-6FFD-4296-B3DA-272317FB549E}"
EndProject
Project("{9A19103F-16F7-4668-BE54-9A1E7A4F7556}") = "Ninject.SpecFlowPlugin.Acceptance", "Ninject.SpecFlowPlugin.Acceptance\Ninject.SpecFlowPlugin.Acceptance.csproj", "{4EBB8909-2544-4E73-B85A-01F8F65639C9}"
EndProject
Project("{FAE04EC0-301F-11D3-BF4B-00C04F79EFBC}") = "SpecFlowPlugin.Integration", "SpecFlowPlugin.Integration\SpecFlowPlugin.Integration.csproj", "{32F9C120-D23A-464F-99B5-A78C0B6CC611}"
EndProject
Global
	GlobalSection(SolutionConfigurationPlatforms) = preSolution
		Debug|Any CPU = Debug|Any CPU
		DebugBodi|Any CPU = DebugBodi|Any CPU
		Release|Any CPU = Release|Any CPU
		ReleaseBodi|Any CPU = ReleaseBodi|Any CPU
	EndGlobalSection
	GlobalSection(ProjectConfigurationPlatforms) = postSolution
		{61195A78-D809-4F06-B58A-265F9EE272BA}.Debug|Any CPU.ActiveCfg = Debug|Any CPU
		{61195A78-D809-4F06-B58A-265F9EE272BA}.Debug|Any CPU.Build.0 = Debug|Any CPU
		{61195A78-D809-4F06-B58A-265F9EE272BA}.DebugBodi|Any CPU.ActiveCfg = DebugBodi|Any CPU
		{61195A78-D809-4F06-B58A-265F9EE272BA}.DebugBodi|Any CPU.Build.0 = DebugBodi|Any CPU
		{61195A78-D809-4F06-B58A-265F9EE272BA}.Release|Any CPU.ActiveCfg = Release|Any CPU
		{61195A78-D809-4F06-B58A-265F9EE272BA}.Release|Any CPU.Build.0 = Release|Any CPU
		{61195A78-D809-4F06-B58A-265F9EE272BA}.ReleaseBodi|Any CPU.ActiveCfg = ReleaseBodi|Any CPU
		{61195A78-D809-4F06-B58A-265F9EE272BA}.ReleaseBodi|Any CPU.Build.0 = ReleaseBodi|Any CPU
		{C26519C0-4ABD-4415-95FC-928EE44037E6}.Debug|Any CPU.ActiveCfg = Debug|Any CPU
		{C26519C0-4ABD-4415-95FC-928EE44037E6}.Debug|Any CPU.Build.0 = Debug|Any CPU
		{C26519C0-4ABD-4415-95FC-928EE44037E6}.DebugBodi|Any CPU.ActiveCfg = DebugBodi|Any CPU
		{C26519C0-4ABD-4415-95FC-928EE44037E6}.DebugBodi|Any CPU.Build.0 = DebugBodi|Any CPU
		{C26519C0-4ABD-4415-95FC-928EE44037E6}.Release|Any CPU.ActiveCfg = Release|Any CPU
		{C26519C0-4ABD-4415-95FC-928EE44037E6}.Release|Any CPU.Build.0 = Release|Any CPU
		{C26519C0-4ABD-4415-95FC-928EE44037E6}.ReleaseBodi|Any CPU.ActiveCfg = ReleaseBodi|Any CPU
		{C26519C0-4ABD-4415-95FC-928EE44037E6}.ReleaseBodi|Any CPU.Build.0 = ReleaseBodi|Any CPU
		{AEE7C926-3C06-45E9-B114-DE1358DC3E8C}.Debug|Any CPU.ActiveCfg = Debug|Any CPU
		{AEE7C926-3C06-45E9-B114-DE1358DC3E8C}.Debug|Any CPU.Build.0 = Debug|Any CPU
		{AEE7C926-3C06-45E9-B114-DE1358DC3E8C}.DebugBodi|Any CPU.ActiveCfg = DebugBodi|Any CPU
		{AEE7C926-3C06-45E9-B114-DE1358DC3E8C}.DebugBodi|Any CPU.Build.0 = DebugBodi|Any CPU
		{AEE7C926-3C06-45E9-B114-DE1358DC3E8C}.Release|Any CPU.ActiveCfg = Release|Any CPU
		{AEE7C926-3C06-45E9-B114-DE1358DC3E8C}.Release|Any CPU.Build.0 = Release|Any CPU
		{AEE7C926-3C06-45E9-B114-DE1358DC3E8C}.ReleaseBodi|Any CPU.ActiveCfg = ReleaseBodi|Any CPU
		{AEE7C926-3C06-45E9-B114-DE1358DC3E8C}.ReleaseBodi|Any CPU.Build.0 = ReleaseBodi|Any CPU
		{61000557-30A4-4A97-91B0-6C0F3594B0ED}.Debug|Any CPU.ActiveCfg = Debug|Any CPU
		{61000557-30A4-4A97-91B0-6C0F3594B0ED}.Debug|Any CPU.Build.0 = Debug|Any CPU
		{61000557-30A4-4A97-91B0-6C0F3594B0ED}.DebugBodi|Any CPU.ActiveCfg = DebugBodi|Any CPU
		{61000557-30A4-4A97-91B0-6C0F3594B0ED}.DebugBodi|Any CPU.Build.0 = DebugBodi|Any CPU
		{61000557-30A4-4A97-91B0-6C0F3594B0ED}.Release|Any CPU.ActiveCfg = Release|Any CPU
		{61000557-30A4-4A97-91B0-6C0F3594B0ED}.Release|Any CPU.Build.0 = Release|Any CPU
		{61000557-30A4-4A97-91B0-6C0F3594B0ED}.ReleaseBodi|Any CPU.ActiveCfg = ReleaseBodi|Any CPU
		{61000557-30A4-4A97-91B0-6C0F3594B0ED}.ReleaseBodi|Any CPU.Build.0 = ReleaseBodi|Any CPU
		{B4828ACE-E8F4-45CD-B93A-260ED6448D76}.Debug|Any CPU.ActiveCfg = Debug|Any CPU
		{B4828ACE-E8F4-45CD-B93A-260ED6448D76}.Debug|Any CPU.Build.0 = Debug|Any CPU
		{B4828ACE-E8F4-45CD-B93A-260ED6448D76}.DebugBodi|Any CPU.ActiveCfg = DebugBodi|Any CPU
		{B4828ACE-E8F4-45CD-B93A-260ED6448D76}.DebugBodi|Any CPU.Build.0 = DebugBodi|Any CPU
		{B4828ACE-E8F4-45CD-B93A-260ED6448D76}.Release|Any CPU.ActiveCfg = Release|Any CPU
		{B4828ACE-E8F4-45CD-B93A-260ED6448D76}.Release|Any CPU.Build.0 = Release|Any CPU
		{B4828ACE-E8F4-45CD-B93A-260ED6448D76}.ReleaseBodi|Any CPU.ActiveCfg = ReleaseBodi|Any CPU
		{B4828ACE-E8F4-45CD-B93A-260ED6448D76}.ReleaseBodi|Any CPU.Build.0 = ReleaseBodi|Any CPU
		{EFD982F7-481F-42A0-9707-938D0C1B7796}.Debug|Any CPU.ActiveCfg = Debug|Any CPU
		{EFD982F7-481F-42A0-9707-938D0C1B7796}.Debug|Any CPU.Build.0 = Debug|Any CPU
		{EFD982F7-481F-42A0-9707-938D0C1B7796}.DebugBodi|Any CPU.ActiveCfg = DebugBodi|Any CPU
		{EFD982F7-481F-42A0-9707-938D0C1B7796}.DebugBodi|Any CPU.Build.0 = DebugBodi|Any CPU
		{EFD982F7-481F-42A0-9707-938D0C1B7796}.Release|Any CPU.ActiveCfg = Release|Any CPU
		{EFD982F7-481F-42A0-9707-938D0C1B7796}.Release|Any CPU.Build.0 = Release|Any CPU
		{EFD982F7-481F-42A0-9707-938D0C1B7796}.ReleaseBodi|Any CPU.ActiveCfg = ReleaseBodi|Any CPU
		{EFD982F7-481F-42A0-9707-938D0C1B7796}.ReleaseBodi|Any CPU.Build.0 = ReleaseBodi|Any CPU
		{5F76F493-2CB0-4405-942E-12B718B8C6A3}.Debug|Any CPU.ActiveCfg = Debug|Any CPU
		{5F76F493-2CB0-4405-942E-12B718B8C6A3}.Debug|Any CPU.Build.0 = Debug|Any CPU
		{5F76F493-2CB0-4405-942E-12B718B8C6A3}.DebugBodi|Any CPU.ActiveCfg = DebugBodi|Any CPU
		{5F76F493-2CB0-4405-942E-12B718B8C6A3}.DebugBodi|Any CPU.Build.0 = DebugBodi|Any CPU
		{5F76F493-2CB0-4405-942E-12B718B8C6A3}.Release|Any CPU.ActiveCfg = Release|Any CPU
		{5F76F493-2CB0-4405-942E-12B718B8C6A3}.Release|Any CPU.Build.0 = Release|Any CPU
		{5F76F493-2CB0-4405-942E-12B718B8C6A3}.ReleaseBodi|Any CPU.ActiveCfg = ReleaseBodi|Any CPU
		{5F76F493-2CB0-4405-942E-12B718B8C6A3}.ReleaseBodi|Any CPU.Build.0 = ReleaseBodi|Any CPU
		{DF742990-9A68-415C-8629-5BA7F962C88C}.Debug|Any CPU.ActiveCfg = Debug|Any CPU
		{DF742990-9A68-415C-8629-5BA7F962C88C}.Debug|Any CPU.Build.0 = Debug|Any CPU
		{DF742990-9A68-415C-8629-5BA7F962C88C}.DebugBodi|Any CPU.ActiveCfg = DebugBodi|Any CPU
		{DF742990-9A68-415C-8629-5BA7F962C88C}.DebugBodi|Any CPU.Build.0 = DebugBodi|Any CPU
		{DF742990-9A68-415C-8629-5BA7F962C88C}.Release|Any CPU.ActiveCfg = Release|Any CPU
		{DF742990-9A68-415C-8629-5BA7F962C88C}.Release|Any CPU.Build.0 = Release|Any CPU
		{DF742990-9A68-415C-8629-5BA7F962C88C}.ReleaseBodi|Any CPU.ActiveCfg = ReleaseBodi|Any CPU
		{DF742990-9A68-415C-8629-5BA7F962C88C}.ReleaseBodi|Any CPU.Build.0 = ReleaseBodi|Any CPU
		{F3D51C1B-F969-461C-8BAE-803655EA5DD2}.Debug|Any CPU.ActiveCfg = Debug|Any CPU
		{F3D51C1B-F969-461C-8BAE-803655EA5DD2}.Debug|Any CPU.Build.0 = Debug|Any CPU
		{F3D51C1B-F969-461C-8BAE-803655EA5DD2}.DebugBodi|Any CPU.ActiveCfg = DebugBodi|Any CPU
		{F3D51C1B-F969-461C-8BAE-803655EA5DD2}.DebugBodi|Any CPU.Build.0 = DebugBodi|Any CPU
		{F3D51C1B-F969-461C-8BAE-803655EA5DD2}.Release|Any CPU.ActiveCfg = Release|Any CPU
		{F3D51C1B-F969-461C-8BAE-803655EA5DD2}.Release|Any CPU.Build.0 = Release|Any CPU
		{F3D51C1B-F969-461C-8BAE-803655EA5DD2}.ReleaseBodi|Any CPU.ActiveCfg = ReleaseBodi|Any CPU
		{F3D51C1B-F969-461C-8BAE-803655EA5DD2}.ReleaseBodi|Any CPU.Build.0 = ReleaseBodi|Any CPU
		{7C2D8F91-8D36-4E9C-AA35-7C6F2A3350B5}.Debug|Any CPU.ActiveCfg = Debug|Any CPU
		{7C2D8F91-8D36-4E9C-AA35-7C6F2A3350B5}.Debug|Any CPU.Build.0 = Debug|Any CPU
		{7C2D8F91-8D36-4E9C-AA35-7C6F2A3350B5}.DebugBodi|Any CPU.ActiveCfg = DebugBodi|Any CPU
		{7C2D8F91-8D36-4E9C-AA35-7C6F2A3350B5}.DebugBodi|Any CPU.Build.0 = DebugBodi|Any CPU
		{7C2D8F91-8D36-4E9C-AA35-7C6F2A3350B5}.Release|Any CPU.ActiveCfg = Release|Any CPU
		{7C2D8F91-8D36-4E9C-AA35-7C6F2A3350B5}.Release|Any CPU.Build.0 = Release|Any CPU
		{7C2D8F91-8D36-4E9C-AA35-7C6F2A3350B5}.ReleaseBodi|Any CPU.ActiveCfg = ReleaseBodi|Any CPU
		{7C2D8F91-8D36-4E9C-AA35-7C6F2A3350B5}.ReleaseBodi|Any CPU.Build.0 = ReleaseBodi|Any CPU
		{98871337-2E64-4D99-A870-540A09AA1F5D}.Debug|Any CPU.ActiveCfg = Debug|Any CPU
		{98871337-2E64-4D99-A870-540A09AA1F5D}.Debug|Any CPU.Build.0 = Debug|Any CPU
		{98871337-2E64-4D99-A870-540A09AA1F5D}.DebugBodi|Any CPU.ActiveCfg = DebugBodi|Any CPU
		{98871337-2E64-4D99-A870-540A09AA1F5D}.DebugBodi|Any CPU.Build.0 = DebugBodi|Any CPU
		{98871337-2E64-4D99-A870-540A09AA1F5D}.Release|Any CPU.ActiveCfg = Release|Any CPU
		{98871337-2E64-4D99-A870-540A09AA1F5D}.Release|Any CPU.Build.0 = Release|Any CPU
		{98871337-2E64-4D99-A870-540A09AA1F5D}.ReleaseBodi|Any CPU.ActiveCfg = ReleaseBodi|Any CPU
		{98871337-2E64-4D99-A870-540A09AA1F5D}.ReleaseBodi|Any CPU.Build.0 = ReleaseBodi|Any CPU
		{62BE79BE-6FFD-4296-B3DA-272317FB549E}.Debug|Any CPU.ActiveCfg = Debug|Any CPU
		{62BE79BE-6FFD-4296-B3DA-272317FB549E}.Debug|Any CPU.Build.0 = Debug|Any CPU
		{62BE79BE-6FFD-4296-B3DA-272317FB549E}.DebugBodi|Any CPU.ActiveCfg = DebugBodi|Any CPU
		{62BE79BE-6FFD-4296-B3DA-272317FB549E}.DebugBodi|Any CPU.Build.0 = DebugBodi|Any CPU
		{62BE79BE-6FFD-4296-B3DA-272317FB549E}.Release|Any CPU.ActiveCfg = Release|Any CPU
		{62BE79BE-6FFD-4296-B3DA-272317FB549E}.Release|Any CPU.Build.0 = Release|Any CPU
		{62BE79BE-6FFD-4296-B3DA-272317FB549E}.ReleaseBodi|Any CPU.ActiveCfg = ReleaseBodi|Any CPU
		{62BE79BE-6FFD-4296-B3DA-272317FB549E}.ReleaseBodi|Any CPU.Build.0 = ReleaseBodi|Any CPU
		{4EBB8909-2544-4E73-B85A-01F8F65639C9}.Debug|Any CPU.ActiveCfg = Debug|Any CPU
		{4EBB8909-2544-4E73-B85A-01F8F65639C9}.Debug|Any CPU.Build.0 = Debug|Any CPU
		{4EBB8909-2544-4E73-B85A-01F8F65639C9}.DebugBodi|Any CPU.ActiveCfg = DebugBodi|Any CPU
		{4EBB8909-2544-4E73-B85A-01F8F65639C9}.DebugBodi|Any CPU.Build.0 = DebugBodi|Any CPU
		{4EBB8909-2544-4E73-B85A-01F8F65639C9}.Release|Any CPU.ActiveCfg = Release|Any CPU
		{4EBB8909-2544-4E73-B85A-01F8F65639C9}.Release|Any CPU.Build.0 = Release|Any CPU
		{4EBB8909-2544-4E73-B85A-01F8F65639C9}.ReleaseBodi|Any CPU.ActiveCfg = ReleaseBodi|Any CPU
		{4EBB8909-2544-4E73-B85A-01F8F65639C9}.ReleaseBodi|Any CPU.Build.0 = ReleaseBodi|Any CPU
		{32F9C120-D23A-464F-99B5-A78C0B6CC611}.Debug|Any CPU.ActiveCfg = Debug|Any CPU
		{32F9C120-D23A-464F-99B5-A78C0B6CC611}.Debug|Any CPU.Build.0 = Debug|Any CPU
		{32F9C120-D23A-464F-99B5-A78C0B6CC611}.DebugBodi|Any CPU.ActiveCfg = DebugBodi|Any CPU
		{32F9C120-D23A-464F-99B5-A78C0B6CC611}.DebugBodi|Any CPU.Build.0 = DebugBodi|Any CPU
		{32F9C120-D23A-464F-99B5-A78C0B6CC611}.Release|Any CPU.ActiveCfg = Release|Any CPU
		{32F9C120-D23A-464F-99B5-A78C0B6CC611}.Release|Any CPU.Build.0 = Release|Any CPU
		{32F9C120-D23A-464F-99B5-A78C0B6CC611}.ReleaseBodi|Any CPU.ActiveCfg = ReleaseBodi|Any CPU
		{32F9C120-D23A-464F-99B5-A78C0B6CC611}.ReleaseBodi|Any CPU.Build.0 = ReleaseBodi|Any CPU
	EndGlobalSection
	GlobalSection(SolutionProperties) = preSolution
		HideSolutionNode = FALSE
	EndGlobalSection
	GlobalSection(NestedProjects) = preSolution
		{C26519C0-4ABD-4415-95FC-928EE44037E6} = {F18BD5C6-327D-49CE-AA76-64B913F26830}
		{AEE7C926-3C06-45E9-B114-DE1358DC3E8C} = {F18BD5C6-327D-49CE-AA76-64B913F26830}
		{61000557-30A4-4A97-91B0-6C0F3594B0ED} = {F18BD5C6-327D-49CE-AA76-64B913F26830}
		{B4828ACE-E8F4-45CD-B93A-260ED6448D76} = {F18BD5C6-327D-49CE-AA76-64B913F26830}
		{EFD982F7-481F-42A0-9707-938D0C1B7796} = {F18BD5C6-327D-49CE-AA76-64B913F26830}
		{5F76F493-2CB0-4405-942E-12B718B8C6A3} = {F18BD5C6-327D-49CE-AA76-64B913F26830}
		{DF742990-9A68-415C-8629-5BA7F962C88C} = {F18BD5C6-327D-49CE-AA76-64B913F26830}
		{F3D51C1B-F969-461C-8BAE-803655EA5DD2} = {F18BD5C6-327D-49CE-AA76-64B913F26830}
		{7C2D8F91-8D36-4E9C-AA35-7C6F2A3350B5} = {F18BD5C6-327D-49CE-AA76-64B913F26830}
		{98871337-2E64-4D99-A870-540A09AA1F5D} = {F18BD5C6-327D-49CE-AA76-64B913F26830}
	EndGlobalSection
	GlobalSection(ExtensibilityGlobals) = postSolution
		SolutionGuid = {157D76AB-0F60-42CB-86DE-F5A5F2472A95}
	EndGlobalSection
	GlobalSection(SubversionScc) = preSolution
		Svn-Managed = True
		Manager = AnkhSVN2019 - Subversion Support for Visual Studio
	EndGlobalSection
EndGlobal
